// !$*UTF8*$!
{
	archiveVersion = 1;
	classes = {
	};
	objectVersion = 56;
	objects = {

/* Begin PBXBuildFile section */
		835B086C2C198B9000DCCC04 /* BonjourView.swift in Sources */ = {isa = PBXBuildFile; fileRef = 835B086B2C198B9000DCCC04 /* BonjourView.swift */; };
		835B086E2C198CBB00DCCC04 /* AppModel.swift in Sources */ = {isa = PBXBuildFile; fileRef = 835B086D2C198CBB00DCCC04 /* AppModel.swift */; };
		835B08702C1B256F00DCCC04 /* Network+Extensions.swift in Sources */ = {isa = PBXBuildFile; fileRef = 835B086F2C1B256F00DCCC04 /* Network+Extensions.swift */; };
		835B08732C1B331100DCCC04 /* SwiftUINavigation in Frameworks */ = {isa = PBXBuildFile; productRef = 835B08722C1B331100DCCC04 /* SwiftUINavigation */; };
		835B08752C1B331100DCCC04 /* SwiftUINavigationCore in Frameworks */ = {isa = PBXBuildFile; productRef = 835B08742C1B331100DCCC04 /* SwiftUINavigationCore */; };
		83EB79042C1B4BE700AE125E /* Connection.swift in Sources */ = {isa = PBXBuildFile; fileRef = 83EB79032C1B4BE700AE125E /* Connection.swift */; };
		83EBDE7A2C188ABE0017FF06 /* App.swift in Sources */ = {isa = PBXBuildFile; fileRef = 83EBDE792C188ABE0017FF06 /* App.swift */; };
		83EBDE7C2C188ABE0017FF06 /* ContentView.swift in Sources */ = {isa = PBXBuildFile; fileRef = 83EBDE7B2C188ABE0017FF06 /* ContentView.swift */; };
		83EBDE7E2C188ABF0017FF06 /* Assets.xcassets in Resources */ = {isa = PBXBuildFile; fileRef = 83EBDE7D2C188ABF0017FF06 /* Assets.xcassets */; };
		83EBDE812C188ABF0017FF06 /* Preview Assets.xcassets in Resources */ = {isa = PBXBuildFile; fileRef = 83EBDE802C188ABF0017FF06 /* Preview Assets.xcassets */; };
		83EBDE882C188B020017FF06 /* BonjourBrowserService.swift in Sources */ = {isa = PBXBuildFile; fileRef = 83EBDE872C188B020017FF06 /* BonjourBrowserService.swift */; };
		83EBDE8B2C188FBE0017FF06 /* Info.swift in Sources */ = {isa = PBXBuildFile; fileRef = 83EBDE8A2C188FBE0017FF06 /* Info.swift */; };
		83EBDE8D2C189E950017FF06 /* BonjourConnectionService.swift in Sources */ = {isa = PBXBuildFile; fileRef = 83EBDE8C2C189E950017FF06 /* BonjourConnectionService.swift */; };
		83EBDE8F2C18A4670017FF06 /* BonjourListenerService.swift in Sources */ = {isa = PBXBuildFile; fileRef = 83EBDE8E2C18A4670017FF06 /* BonjourListenerService.swift */; };
/* End PBXBuildFile section */

/* Begin PBXFileReference section */
		835B086B2C198B9000DCCC04 /* BonjourView.swift */ = {isa = PBXFileReference; lastKnownFileType = sourcecode.swift; path = BonjourView.swift; sourceTree = "<group>"; };
		835B086D2C198CBB00DCCC04 /* AppModel.swift */ = {isa = PBXFileReference; lastKnownFileType = sourcecode.swift; path = AppModel.swift; sourceTree = "<group>"; };
		835B086F2C1B256F00DCCC04 /* Network+Extensions.swift */ = {isa = PBXFileReference; lastKnownFileType = sourcecode.swift; path = "Network+Extensions.swift"; sourceTree = "<group>"; };
		83EB79032C1B4BE700AE125E /* Connection.swift */ = {isa = PBXFileReference; lastKnownFileType = sourcecode.swift; path = Connection.swift; sourceTree = "<group>"; };
		83EBDE762C188ABE0017FF06 /* BonjourBrowser.app */ = {isa = PBXFileReference; explicitFileType = wrapper.application; includeInIndex = 0; path = BonjourBrowser.app; sourceTree = BUILT_PRODUCTS_DIR; };
		83EBDE792C188ABE0017FF06 /* App.swift */ = {isa = PBXFileReference; lastKnownFileType = sourcecode.swift; path = App.swift; sourceTree = "<group>"; };
		83EBDE7B2C188ABE0017FF06 /* ContentView.swift */ = {isa = PBXFileReference; lastKnownFileType = sourcecode.swift; path = ContentView.swift; sourceTree = "<group>"; };
		83EBDE7D2C188ABF0017FF06 /* Assets.xcassets */ = {isa = PBXFileReference; lastKnownFileType = folder.assetcatalog; path = Assets.xcassets; sourceTree = "<group>"; };
		83EBDE802C188ABF0017FF06 /* Preview Assets.xcassets */ = {isa = PBXFileReference; lastKnownFileType = folder.assetcatalog; path = "Preview Assets.xcassets"; sourceTree = "<group>"; };
		83EBDE872C188B020017FF06 /* BonjourBrowserService.swift */ = {isa = PBXFileReference; lastKnownFileType = sourcecode.swift; path = BonjourBrowserService.swift; sourceTree = "<group>"; };
		83EBDE892C188F530017FF06 /* Info.plist */ = {isa = PBXFileReference; lastKnownFileType = text.plist; path = Info.plist; sourceTree = "<group>"; };
		83EBDE8A2C188FBE0017FF06 /* Info.swift */ = {isa = PBXFileReference; lastKnownFileType = sourcecode.swift; path = Info.swift; sourceTree = "<group>"; };
		83EBDE8C2C189E950017FF06 /* BonjourConnectionService.swift */ = {isa = PBXFileReference; lastKnownFileType = sourcecode.swift; path = BonjourConnectionService.swift; sourceTree = "<group>"; };
		83EBDE8E2C18A4670017FF06 /* BonjourListenerService.swift */ = {isa = PBXFileReference; lastKnownFileType = sourcecode.swift; path = BonjourListenerService.swift; sourceTree = "<group>"; };
/* End PBXFileReference section */

/* Begin PBXFrameworksBuildPhase section */
		83EBDE732C188ABE0017FF06 /* Frameworks */ = {
			isa = PBXFrameworksBuildPhase;
			buildActionMask = 2147483647;
			files = (
				835B08732C1B331100DCCC04 /* SwiftUINavigation in Frameworks */,
				835B08752C1B331100DCCC04 /* SwiftUINavigationCore in Frameworks */,
			);
			runOnlyForDeploymentPostprocessing = 0;
		};
/* End PBXFrameworksBuildPhase section */

/* Begin PBXGroup section */
		83EBDE6D2C188ABE0017FF06 = {
			isa = PBXGroup;
			children = (
				83EBDE782C188ABE0017FF06 /* BonjourBrowser */,
				83EBDE772C188ABE0017FF06 /* Products */,
			);
			sourceTree = "<group>";
		};
		83EBDE772C188ABE0017FF06 /* Products */ = {
			isa = PBXGroup;
			children = (
				83EBDE762C188ABE0017FF06 /* BonjourBrowser.app */,
			);
			name = Products;
			sourceTree = "<group>";
		};
		83EBDE782C188ABE0017FF06 /* BonjourBrowser */ = {
			isa = PBXGroup;
			children = (
				83EBDE792C188ABE0017FF06 /* App.swift */,
				835B086D2C198CBB00DCCC04 /* AppModel.swift */,
				83EBDE872C188B020017FF06 /* BonjourBrowserService.swift */,
				83EBDE8C2C189E950017FF06 /* BonjourConnectionService.swift */,
				83EBDE8E2C18A4670017FF06 /* BonjourListenerService.swift */,
				835B086B2C198B9000DCCC04 /* BonjourView.swift */,
				83EB79032C1B4BE700AE125E /* Connection.swift */,
				83EBDE7B2C188ABE0017FF06 /* ContentView.swift */,
				83EBDE8A2C188FBE0017FF06 /* Info.swift */,
				83EBDE892C188F530017FF06 /* Info.plist */,
				835B086F2C1B256F00DCCC04 /* Network+Extensions.swift */,
				83EBDE7D2C188ABF0017FF06 /* Assets.xcassets */,
				83EBDE7F2C188ABF0017FF06 /* Preview Content */,
			);
			path = BonjourBrowser;
			sourceTree = "<group>";
		};
		83EBDE7F2C188ABF0017FF06 /* Preview Content */ = {
			isa = PBXGroup;
			children = (
				83EBDE802C188ABF0017FF06 /* Preview Assets.xcassets */,
			);
			path = "Preview Content";
			sourceTree = "<group>";
		};
/* End PBXGroup section */

/* Begin PBXNativeTarget section */
		83EBDE752C188ABE0017FF06 /* BonjourBrowser */ = {
			isa = PBXNativeTarget;
			buildConfigurationList = 83EBDE842C188ABF0017FF06 /* Build configuration list for PBXNativeTarget "BonjourBrowser" */;
			buildPhases = (
				83EBDE722C188ABE0017FF06 /* Sources */,
				83EBDE732C188ABE0017FF06 /* Frameworks */,
				83EBDE742C188ABE0017FF06 /* Resources */,
			);
			buildRules = (
			);
			dependencies = (
			);
			name = BonjourBrowser;
			packageProductDependencies = (
				835B08722C1B331100DCCC04 /* SwiftUINavigation */,
				835B08742C1B331100DCCC04 /* SwiftUINavigationCore */,
			);
			productName = BonjourBrowser;
			productReference = 83EBDE762C188ABE0017FF06 /* BonjourBrowser.app */;
			productType = "com.apple.product-type.application";
		};
/* End PBXNativeTarget section */

/* Begin PBXProject section */
		83EBDE6E2C188ABE0017FF06 /* Project object */ = {
			isa = PBXProject;
			attributes = {
				BuildIndependentTargetsInParallel = 1;
				LastSwiftUpdateCheck = 1540;
				LastUpgradeCheck = 1540;
				TargetAttributes = {
					83EBDE752C188ABE0017FF06 = {
						CreatedOnToolsVersion = 15.4;
					};
				};
			};
			buildConfigurationList = 83EBDE712C188ABE0017FF06 /* Build configuration list for PBXProject "BonjourBrowser" */;
			compatibilityVersion = "Xcode 14.0";
			developmentRegion = en;
			hasScannedForEncodings = 0;
			knownRegions = (
				en,
				Base,
			);
			mainGroup = 83EBDE6D2C188ABE0017FF06;
			packageReferences = (
				835B08712C1B331100DCCC04 /* XCRemoteSwiftPackageReference "swiftui-navigation" */,
			);
			productRefGroup = 83EBDE772C188ABE0017FF06 /* Products */;
			projectDirPath = "";
			projectRoot = "";
			targets = (
				83EBDE752C188ABE0017FF06 /* BonjourBrowser */,
			);
		};
/* End PBXProject section */

/* Begin PBXResourcesBuildPhase section */
		83EBDE742C188ABE0017FF06 /* Resources */ = {
			isa = PBXResourcesBuildPhase;
			buildActionMask = 2147483647;
			files = (
				83EBDE812C188ABF0017FF06 /* Preview Assets.xcassets in Resources */,
				83EBDE7E2C188ABF0017FF06 /* Assets.xcassets in Resources */,
			);
			runOnlyForDeploymentPostprocessing = 0;
		};
/* End PBXResourcesBuildPhase section */

/* Begin PBXSourcesBuildPhase section */
		83EBDE722C188ABE0017FF06 /* Sources */ = {
			isa = PBXSourcesBuildPhase;
			buildActionMask = 2147483647;
			files = (
				83EBDE7C2C188ABE0017FF06 /* ContentView.swift in Sources */,
				83EBDE882C188B020017FF06 /* BonjourBrowserService.swift in Sources */,
				835B086E2C198CBB00DCCC04 /* AppModel.swift in Sources */,
				83EBDE7A2C188ABE0017FF06 /* App.swift in Sources */,
				83EBDE8F2C18A4670017FF06 /* BonjourListenerService.swift in Sources */,
				83EBDE8B2C188FBE0017FF06 /* Info.swift in Sources */,
				835B08702C1B256F00DCCC04 /* Network+Extensions.swift in Sources */,
				835B086C2C198B9000DCCC04 /* BonjourView.swift in Sources */,
				83EBDE8D2C189E950017FF06 /* BonjourConnectionService.swift in Sources */,
				83EB79042C1B4BE700AE125E /* Connection.swift in Sources */,
			);
			runOnlyForDeploymentPostprocessing = 0;
		};
/* End PBXSourcesBuildPhase section */

/* Begin XCBuildConfiguration section */
		83EBDE822C188ABF0017FF06 /* Debug */ = {
			isa = XCBuildConfiguration;
			buildSettings = {
				ALWAYS_SEARCH_USER_PATHS = NO;
				ASSETCATALOG_COMPILER_GENERATE_SWIFT_ASSET_SYMBOL_EXTENSIONS = YES;
				CLANG_ANALYZER_NONNULL = YES;
				CLANG_ANALYZER_NUMBER_OBJECT_CONVERSION = YES_AGGRESSIVE;
				CLANG_CXX_LANGUAGE_STANDARD = "gnu++20";
				CLANG_ENABLE_MODULES = YES;
				CLANG_ENABLE_OBJC_ARC = YES;
				CLANG_ENABLE_OBJC_WEAK = YES;
				CLANG_WARN_BLOCK_CAPTURE_AUTORELEASING = YES;
				CLANG_WARN_BOOL_CONVERSION = YES;
				CLANG_WARN_COMMA = YES;
				CLANG_WARN_CONSTANT_CONVERSION = YES;
				CLANG_WARN_DEPRECATED_OBJC_IMPLEMENTATIONS = YES;
				CLANG_WARN_DIRECT_OBJC_ISA_USAGE = YES_ERROR;
				CLANG_WARN_DOCUMENTATION_COMMENTS = YES;
				CLANG_WARN_EMPTY_BODY = YES;
				CLANG_WARN_ENUM_CONVERSION = YES;
				CLANG_WARN_INFINITE_RECURSION = YES;
				CLANG_WARN_INT_CONVERSION = YES;
				CLANG_WARN_NON_LITERAL_NULL_CONVERSION = YES;
				CLANG_WARN_OBJC_IMPLICIT_RETAIN_SELF = YES;
				CLANG_WARN_OBJC_LITERAL_CONVERSION = YES;
				CLANG_WARN_OBJC_ROOT_CLASS = YES_ERROR;
				CLANG_WARN_QUOTED_INCLUDE_IN_FRAMEWORK_HEADER = YES;
				CLANG_WARN_RANGE_LOOP_ANALYSIS = YES;
				CLANG_WARN_STRICT_PROTOTYPES = YES;
				CLANG_WARN_SUSPICIOUS_MOVE = YES;
				CLANG_WARN_UNGUARDED_AVAILABILITY = YES_AGGRESSIVE;
				CLANG_WARN_UNREACHABLE_CODE = YES;
				CLANG_WARN__DUPLICATE_METHOD_MATCH = YES;
				COPY_PHASE_STRIP = NO;
				DEBUG_INFORMATION_FORMAT = dwarf;
				ENABLE_STRICT_OBJC_MSGSEND = YES;
				ENABLE_TESTABILITY = YES;
				ENABLE_USER_SCRIPT_SANDBOXING = YES;
				GCC_C_LANGUAGE_STANDARD = gnu17;
				GCC_DYNAMIC_NO_PIC = NO;
				GCC_NO_COMMON_BLOCKS = YES;
				GCC_OPTIMIZATION_LEVEL = 0;
				GCC_PREPROCESSOR_DEFINITIONS = (
					"DEBUG=1",
					"$(inherited)",
				);
				GCC_WARN_64_TO_32_BIT_CONVERSION = YES;
				GCC_WARN_ABOUT_RETURN_TYPE = YES_ERROR;
				GCC_WARN_UNDECLARED_SELECTOR = YES;
				GCC_WARN_UNINITIALIZED_AUTOS = YES_AGGRESSIVE;
				GCC_WARN_UNUSED_FUNCTION = YES;
				GCC_WARN_UNUSED_VARIABLE = YES;
				IPHONEOS_DEPLOYMENT_TARGET = 17.5;
				LOCALIZATION_PREFERS_STRING_CATALOGS = YES;
				MTL_ENABLE_DEBUG_INFO = INCLUDE_SOURCE;
				MTL_FAST_MATH = YES;
				ONLY_ACTIVE_ARCH = YES;
				SDKROOT = iphoneos;
				SWIFT_ACTIVE_COMPILATION_CONDITIONS = "DEBUG $(inherited)";
				SWIFT_OPTIMIZATION_LEVEL = "-Onone";
			};
			name = Debug;
		};
		83EBDE832C188ABF0017FF06 /* Release */ = {
			isa = XCBuildConfiguration;
			buildSettings = {
				ALWAYS_SEARCH_USER_PATHS = NO;
				ASSETCATALOG_COMPILER_GENERATE_SWIFT_ASSET_SYMBOL_EXTENSIONS = YES;
				CLANG_ANALYZER_NONNULL = YES;
				CLANG_ANALYZER_NUMBER_OBJECT_CONVERSION = YES_AGGRESSIVE;
				CLANG_CXX_LANGUAGE_STANDARD = "gnu++20";
				CLANG_ENABLE_MODULES = YES;
				CLANG_ENABLE_OBJC_ARC = YES;
				CLANG_ENABLE_OBJC_WEAK = YES;
				CLANG_WARN_BLOCK_CAPTURE_AUTORELEASING = YES;
				CLANG_WARN_BOOL_CONVERSION = YES;
				CLANG_WARN_COMMA = YES;
				CLANG_WARN_CONSTANT_CONVERSION = YES;
				CLANG_WARN_DEPRECATED_OBJC_IMPLEMENTATIONS = YES;
				CLANG_WARN_DIRECT_OBJC_ISA_USAGE = YES_ERROR;
				CLANG_WARN_DOCUMENTATION_COMMENTS = YES;
				CLANG_WARN_EMPTY_BODY = YES;
				CLANG_WARN_ENUM_CONVERSION = YES;
				CLANG_WARN_INFINITE_RECURSION = YES;
				CLANG_WARN_INT_CONVERSION = YES;
				CLANG_WARN_NON_LITERAL_NULL_CONVERSION = YES;
				CLANG_WARN_OBJC_IMPLICIT_RETAIN_SELF = YES;
				CLANG_WARN_OBJC_LITERAL_CONVERSION = YES;
				CLANG_WARN_OBJC_ROOT_CLASS = YES_ERROR;
				CLANG_WARN_QUOTED_INCLUDE_IN_FRAMEWORK_HEADER = YES;
				CLANG_WARN_RANGE_LOOP_ANALYSIS = YES;
				CLANG_WARN_STRICT_PROTOTYPES = YES;
				CLANG_WARN_SUSPICIOUS_MOVE = YES;
				CLANG_WARN_UNGUARDED_AVAILABILITY = YES_AGGRESSIVE;
				CLANG_WARN_UNREACHABLE_CODE = YES;
				CLANG_WARN__DUPLICATE_METHOD_MATCH = YES;
				COPY_PHASE_STRIP = NO;
				DEBUG_INFORMATION_FORMAT = "dwarf-with-dsym";
				ENABLE_NS_ASSERTIONS = NO;
				ENABLE_STRICT_OBJC_MSGSEND = YES;
				ENABLE_USER_SCRIPT_SANDBOXING = YES;
				GCC_C_LANGUAGE_STANDARD = gnu17;
				GCC_NO_COMMON_BLOCKS = YES;
				GCC_WARN_64_TO_32_BIT_CONVERSION = YES;
				GCC_WARN_ABOUT_RETURN_TYPE = YES_ERROR;
				GCC_WARN_UNDECLARED_SELECTOR = YES;
				GCC_WARN_UNINITIALIZED_AUTOS = YES_AGGRESSIVE;
				GCC_WARN_UNUSED_FUNCTION = YES;
				GCC_WARN_UNUSED_VARIABLE = YES;
				IPHONEOS_DEPLOYMENT_TARGET = 17.5;
				LOCALIZATION_PREFERS_STRING_CATALOGS = YES;
				MTL_ENABLE_DEBUG_INFO = NO;
				MTL_FAST_MATH = YES;
				SDKROOT = iphoneos;
				SWIFT_COMPILATION_MODE = wholemodule;
				VALIDATE_PRODUCT = YES;
			};
			name = Release;
		};
		83EBDE852C188ABF0017FF06 /* Debug */ = {
			isa = XCBuildConfiguration;
			buildSettings = {
				ASSETCATALOG_COMPILER_APPICON_NAME = AppIcon;
				ASSETCATALOG_COMPILER_GLOBAL_ACCENT_COLOR_NAME = AccentColor;
				CODE_SIGN_STYLE = Automatic;
				CURRENT_PROJECT_VERSION = 1;
				DEVELOPMENT_ASSET_PATHS = "\"BonjourBrowser/Preview Content\"";
				DEVELOPMENT_TEAM = 4A8P93N7MN;
				ENABLE_PREVIEWS = YES;
				GENERATE_INFOPLIST_FILE = YES;
				INFOPLIST_FILE = BonjourBrowser/Info.plist;
				INFOPLIST_KEY_NSLocalNetworkUsageDescription = "To browse bonjour services";
				INFOPLIST_KEY_UIApplicationSceneManifest_Generation = YES;
				INFOPLIST_KEY_UIApplicationSupportsIndirectInputEvents = YES;
				INFOPLIST_KEY_UILaunchScreen_Generation = YES;
				INFOPLIST_KEY_UISupportedInterfaceOrientations_iPad = "UIInterfaceOrientationPortrait UIInterfaceOrientationPortraitUpsideDown UIInterfaceOrientationLandscapeLeft UIInterfaceOrientationLandscapeRight";
				INFOPLIST_KEY_UISupportedInterfaceOrientations_iPhone = "UIInterfaceOrientationPortrait UIInterfaceOrientationLandscapeLeft UIInterfaceOrientationLandscapeRight";
				IPHONEOS_DEPLOYMENT_TARGET = 16.0;
				LD_RUNPATH_SEARCH_PATHS = (
					"$(inherited)",
					"@executable_path/Frameworks",
				);
				MARKETING_VERSION = 1.0;
				PRODUCT_BUNDLE_IDENTIFIER = gnlok.BonjourBrowser;
				PRODUCT_NAME = "$(TARGET_NAME)";
				SWIFT_EMIT_LOC_STRINGS = YES;
				SWIFT_VERSION = 5.0;
				TARGETED_DEVICE_FAMILY = "1,2";
			};
			name = Debug;
		};
		83EBDE862C188ABF0017FF06 /* Release */ = {
			isa = XCBuildConfiguration;
			buildSettings = {
				ASSETCATALOG_COMPILER_APPICON_NAME = AppIcon;
				ASSETCATALOG_COMPILER_GLOBAL_ACCENT_COLOR_NAME = AccentColor;
				CODE_SIGN_STYLE = Automatic;
				CURRENT_PROJECT_VERSION = 1;
				DEVELOPMENT_ASSET_PATHS = "\"BonjourBrowser/Preview Content\"";
				DEVELOPMENT_TEAM = 4A8P93N7MN;
				ENABLE_PREVIEWS = YES;
				GENERATE_INFOPLIST_FILE = YES;
				INFOPLIST_FILE = BonjourBrowser/Info.plist;
				INFOPLIST_KEY_NSLocalNetworkUsageDescription = "To browse bonjour services";
				INFOPLIST_KEY_UIApplicationSceneManifest_Generation = YES;
				INFOPLIST_KEY_UIApplicationSupportsIndirectInputEvents = YES;
				INFOPLIST_KEY_UILaunchScreen_Generation = YES;
				INFOPLIST_KEY_UISupportedInterfaceOrientations_iPad = "UIInterfaceOrientationPortrait UIInterfaceOrientationPortraitUpsideDown UIInterfaceOrientationLandscapeLeft UIInterfaceOrientationLandscapeRight";
				INFOPLIST_KEY_UISupportedInterfaceOrientations_iPhone = "UIInterfaceOrientationPortrait UIInterfaceOrientationLandscapeLeft UIInterfaceOrientationLandscapeRight";
				IPHONEOS_DEPLOYMENT_TARGET = 16.0;
				LD_RUNPATH_SEARCH_PATHS = (
					"$(inherited)",
					"@executable_path/Frameworks",
				);
				MARKETING_VERSION = 1.0;
				PRODUCT_BUNDLE_IDENTIFIER = gnlok.BonjourBrowser;
				PRODUCT_NAME = "$(TARGET_NAME)";
				SWIFT_EMIT_LOC_STRINGS = YES;
				SWIFT_VERSION = 5.0;
				TARGETED_DEVICE_FAMILY = "1,2";
			};
			name = Release;
		};
/* End XCBuildConfiguration section */

/* Begin XCConfigurationList section */
		83EBDE712C188ABE0017FF06 /* Build configuration list for PBXProject "BonjourBrowser" */ = {
			isa = XCConfigurationList;
			buildConfigurations = (
				83EBDE822C188ABF0017FF06 /* Debug */,
				83EBDE832C188ABF0017FF06 /* Release */,
			);
			defaultConfigurationIsVisible = 0;
			defaultConfigurationName = Release;
		};
		83EBDE842C188ABF0017FF06 /* Build configuration list for PBXNativeTarget "BonjourBrowser" */ = {
			isa = XCConfigurationList;
			buildConfigurations = (
				83EBDE852C188ABF0017FF06 /* Debug */,
				83EBDE862C188ABF0017FF06 /* Release */,
			);
			defaultConfigurationIsVisible = 0;
			defaultConfigurationName = Release;
		};
/* End XCConfigurationList section */

/* Begin XCRemoteSwiftPackageReference section */
		835B08712C1B331100DCCC04 /* XCRemoteSwiftPackageReference "swiftui-navigation" */ = {
			isa = XCRemoteSwiftPackageReference;
			repositoryURL = "https://github.com/pointfreeco/swiftui-navigation.git";
			requirement = {
				kind = upToNextMajorVersion;
				minimumVersion = 1.4.0;
			};
		};
/* End XCRemoteSwiftPackageReference section */

/* Begin XCSwiftPackageProductDependency section */
		835B08722C1B331100DCCC04 /* SwiftUINavigation */ = {
			isa = XCSwiftPackageProductDependency;
			package = 835B08712C1B331100DCCC04 /* XCRemoteSwiftPackageReference "swiftui-navigation" */;
			productName = SwiftUINavigation;
		};
		835B08742C1B331100DCCC04 /* SwiftUINavigationCore */ = {
			isa = XCSwiftPackageProductDependency;
			package = 835B08712C1B331100DCCC04 /* XCRemoteSwiftPackageReference "swiftui-navigation" */;
			productName = SwiftUINavigationCore;
		};
/* End XCSwiftPackageProductDependency section */
	};
	rootObject = 83EBDE6E2C188ABE0017FF06 /* Project object */;
}
